
Microsoft Visual Studio Solution File, Format Version 12.00
# Visual Studio Version 16
VisualStudioVersion = 16.6.30114.105
MinimumVisualStudioVersion = 10.0.40219.1
Project("{FAE04EC0-301F-11D3-BF4B-00C04F79EFBC}") = "LD48", "LD48\LD48.csproj", "{5D30CC5A-6DDA-468D-B25F-726AF16E768C}"
EndProject
Project("{2150E333-8FDC-42A3-9474-1A3956D46DE8}") = "Vildmark", "Vildmark", "{27F7D4DF-DAEA-4A73-96FE-E256FBD22A4B}"
EndProject
Project("{FAE04EC0-301F-11D3-BF4B-00C04F79EFBC}") = "Vildmark", "Vildmark\Vildmark\Vildmark.csproj", "{6F789B3B-1991-467C-AC1C-90E21AD2A39D}"
EndProject
Project("{FAE04EC0-301F-11D3-BF4B-00C04F79EFBC}") = "Vildmark.Audio", "Vildmark\Vildmark.Audio\Vildmark.Audio.csproj", "{02414D73-4F46-4998-959A-716B77C81499}"
EndProject
Project("{FAE04EC0-301F-11D3-BF4B-00C04F79EFBC}") = "Vildmark.Core", "Vildmark\Vildmark.Core\Vildmark.Core.csproj", "{8A76AD52-63F6-4F35-9ACD-CFF30B606D2E}"
EndProject
Project("{FAE04EC0-301F-11D3-BF4B-00C04F79EFBC}") = "Vildmark.Graphics", "Vildmark\Vildmark.Graphics\Vildmark.Graphics.csproj", "{B902058B-0F91-404C-AE25-0C774D9123A2}"
EndProject
Project("{FAE04EC0-301F-11D3-BF4B-00C04F79EFBC}") = "Vildmark.Graphics.Fonts", "Vildmark\Vildmark.Graphics.Fonts\Vildmark.Graphics.Fonts.csproj", "{BC77A7AC-B816-4A2F-8F83-5A07C783AA4F}"
EndProject
Project("{FAE04EC0-301F-11D3-BF4B-00C04F79EFBC}") = "Vildmark.Maths", "Vildmark\Vildmark.Maths\Vildmark.Maths.csproj", "{8ACCEB60-8CB8-4D5B-B258-E1AA130D3DE2}"
EndProject
Project("{FAE04EC0-301F-11D3-BF4B-00C04F79EFBC}") = "Vildmark.Qubicle", "Vildmark\Vildmark.Qubicle\Vildmark.Qubicle.csproj", "{37F128AC-182B-4B05-BE93-8A7CBB8CEBBF}"
EndProject
Project("{FAE04EC0-301F-11D3-BF4B-00C04F79EFBC}") = "Vildmark.Tests", "Vildmark\Vildmark.Tests\Vildmark.Tests.csproj", "{7E71452E-D86F-4661-9878-A297BD9965D9}"
EndProject
Project("{FAE04EC0-301F-11D3-BF4B-00C04F79EFBC}") = "Vildmark.Windowing", "Vildmark\Vildmark.Windowing\Vildmark.Windowing.csproj", "{4C8C1B72-79B3-404D-8465-6EA2611E3174}"
EndProject
Global
	GlobalSection(SolutionConfigurationPlatforms) = preSolution
		Debug|Any CPU = Debug|Any CPU
		Debug|x64 = Debug|x64
		Debug|x86 = Debug|x86
		Release|Any CPU = Release|Any CPU
		Release|x64 = Release|x64
		Release|x86 = Release|x86
	EndGlobalSection
	GlobalSection(SolutionProperties) = preSolution
		HideSolutionNode = FALSE
	EndGlobalSection
	GlobalSection(ProjectConfigurationPlatforms) = postSolution
		{5D30CC5A-6DDA-468D-B25F-726AF16E768C}.Debug|Any CPU.ActiveCfg = Debug|Any CPU
		{5D30CC5A-6DDA-468D-B25F-726AF16E768C}.Debug|Any CPU.Build.0 = Debug|Any CPU
		{5D30CC5A-6DDA-468D-B25F-726AF16E768C}.Debug|x64.ActiveCfg = Debug|Any CPU
		{5D30CC5A-6DDA-468D-B25F-726AF16E768C}.Debug|x64.Build.0 = Debug|Any CPU
		{5D30CC5A-6DDA-468D-B25F-726AF16E768C}.Debug|x86.ActiveCfg = Debug|Any CPU
		{5D30CC5A-6DDA-468D-B25F-726AF16E768C}.Debug|x86.Build.0 = Debug|Any CPU
		{5D30CC5A-6DDA-468D-B25F-726AF16E768C}.Release|Any CPU.ActiveCfg = Release|Any CPU
		{5D30CC5A-6DDA-468D-B25F-726AF16E768C}.Release|Any CPU.Build.0 = Release|Any CPU
		{5D30CC5A-6DDA-468D-B25F-726AF16E768C}.Release|x64.ActiveCfg = Release|Any CPU
		{5D30CC5A-6DDA-468D-B25F-726AF16E768C}.Release|x64.Build.0 = Release|Any CPU
		{5D30CC5A-6DDA-468D-B25F-726AF16E768C}.Release|x86.ActiveCfg = Release|Any CPU
		{5D30CC5A-6DDA-468D-B25F-726AF16E768C}.Release|x86.Build.0 = Release|Any CPU
		{6F789B3B-1991-467C-AC1C-90E21AD2A39D}.Debug|Any CPU.ActiveCfg = Debug|Any CPU
		{6F789B3B-1991-467C-AC1C-90E21AD2A39D}.Debug|Any CPU.Build.0 = Debug|Any CPU
		{6F789B3B-1991-467C-AC1C-90E21AD2A39D}.Debug|x64.ActiveCfg = Debug|Any CPU
		{6F789B3B-1991-467C-AC1C-90E21AD2A39D}.Debug|x64.Build.0 = Debug|Any CPU
		{6F789B3B-1991-467C-AC1C-90E21AD2A39D}.Debug|x86.ActiveCfg = Debug|Any CPU
		{6F789B3B-1991-467C-AC1C-90E21AD2A39D}.Debug|x86.Build.0 = Debug|Any CPU
		{6F789B3B-1991-467C-AC1C-90E21AD2A39D}.Release|Any CPU.ActiveCfg = Release|Any CPU
		{6F789B3B-1991-467C-AC1C-90E21AD2A39D}.Release|Any CPU.Build.0 = Release|Any CPU
		{6F789B3B-1991-467C-AC1C-90E21AD2A39D}.Release|x64.ActiveCfg = Release|Any CPU
		{6F789B3B-1991-467C-AC1C-90E21AD2A39D}.Release|x64.Build.0 = Release|Any CPU
		{6F789B3B-1991-467C-AC1C-90E21AD2A39D}.Release|x86.ActiveCfg = Release|Any CPU
		{6F789B3B-1991-467C-AC1C-90E21AD2A39D}.Release|x86.Build.0 = Release|Any CPU
		{02414D73-4F46-4998-959A-716B77C81499}.Debug|Any CPU.ActiveCfg = Debug|Any CPU
		{02414D73-4F46-4998-959A-716B77C81499}.Debug|Any CPU.Build.0 = Debug|Any CPU
		{02414D73-4F46-4998-959A-716B77C81499}.Debug|x64.ActiveCfg = Debug|Any CPU
		{02414D73-4F46-4998-959A-716B77C81499}.Debug|x64.Build.0 = Debug|Any CPU
		{02414D73-4F46-4998-959A-716B77C81499}.Debug|x86.ActiveCfg = Debug|Any CPU
		{02414D73-4F46-4998-959A-716B77C81499}.Debug|x86.Build.0 = Debug|Any CPU
		{02414D73-4F46-4998-959A-716B77C81499}.Release|Any CPU.ActiveCfg = Release|Any CPU
		{02414D73-4F46-4998-959A-716B77C81499}.Release|Any CPU.Build.0 = Release|Any CPU
		{02414D73-4F46-4998-959A-716B77C81499}.Release|x64.ActiveCfg = Release|Any CPU
		{02414D73-4F46-4998-959A-716B77C81499}.Release|x64.Build.0 = Release|Any CPU
		{02414D73-4F46-4998-959A-716B77C81499}.Release|x86.ActiveCfg = Release|Any CPU
		{02414D73-4F46-4998-959A-716B77C81499}.Release|x86.Build.0 = Release|Any CPU
		{8A76AD52-63F6-4F35-9ACD-CFF30B606D2E}.Debug|Any CPU.ActiveCfg = Debug|Any CPU
		{8A76AD52-63F6-4F35-9ACD-CFF30B606D2E}.Debug|Any CPU.Build.0 = Debug|Any CPU
		{8A76AD52-63F6-4F35-9ACD-CFF30B606D2E}.Debug|x64.ActiveCfg = Debug|Any CPU
		{8A76AD52-63F6-4F35-9ACD-CFF30B606D2E}.Debug|x64.Build.0 = Debug|Any CPU
		{8A76AD52-63F6-4F35-9ACD-CFF30B606D2E}.Debug|x86.ActiveCfg = Debug|Any CPU
		{8A76AD52-63F6-4F35-9ACD-CFF30B606D2E}.Debug|x86.Build.0 = Debug|Any CPU
		{8A76AD52-63F6-4F35-9ACD-CFF30B606D2E}.Release|Any CPU.ActiveCfg = Release|Any CPU
		{8A76AD52-63F6-4F35-9ACD-CFF30B606D2E}.Release|Any CPU.Build.0 = Release|Any CPU
		{8A76AD52-63F6-4F35-9ACD-CFF30B606D2E}.Release|x64.ActiveCfg = Release|Any CPU
		{8A76AD52-63F6-4F35-9ACD-CFF30B606D2E}.Release|x64.Build.0 = Release|Any CPU
		{8A76AD52-63F6-4F35-9ACD-CFF30B606D2E}.Release|x86.ActiveCfg = Release|Any CPU
		{8A76AD52-63F6-4F35-9ACD-CFF30B606D2E}.Release|x86.Build.0 = Release|Any CPU
		{B902058B-0F91-404C-AE25-0C774D9123A2}.Debug|Any CPU.ActiveCfg = Debug|Any CPU
		{B902058B-0F91-404C-AE25-0C774D9123A2}.Debug|Any CPU.Build.0 = Debug|Any CPU
		{B902058B-0F91-404C-AE25-0C774D9123A2}.Debug|x64.ActiveCfg = Debug|Any CPU
		{B902058B-0F91-404C-AE25-0C774D9123A2}.Debug|x64.Build.0 = Debug|Any CPU
		{B902058B-0F91-404C-AE25-0C774D9123A2}.Debug|x86.ActiveCfg = Debug|Any CPU
		{B902058B-0F91-404C-AE25-0C774D9123A2}.Debug|x86.Build.0 = Debug|Any CPU
		{B902058B-0F91-404C-AE25-0C774D9123A2}.Release|Any CPU.ActiveCfg = Release|Any CPU
		{B902058B-0F91-404C-AE25-0C774D9123A2}.Release|Any CPU.Build.0 = Release|Any CPU
		{B902058B-0F91-404C-AE25-0C774D9123A2}.Release|x64.ActiveCfg = Release|Any CPU
		{B902058B-0F91-404C-AE25-0C774D9123A2}.Release|x64.Build.0 = Release|Any CPU
		{B902058B-0F91-404C-AE25-0C774D9123A2}.Release|x86.ActiveCfg = Release|Any CPU
		{B902058B-0F91-404C-AE25-0C774D9123A2}.Release|x86.Build.0 = Release|Any CPU
		{BC77A7AC-B816-4A2F-8F83-5A07C783AA4F}.Debug|Any CPU.ActiveCfg = Debug|Any CPU
		{BC77A7AC-B816-4A2F-8F83-5A07C783AA4F}.Debug|Any CPU.Build.0 = Debug|Any CPU
		{BC77A7AC-B816-4A2F-8F83-5A07C783AA4F}.Debug|x64.ActiveCfg = Debug|Any CPU
		{BC77A7AC-B816-4A2F-8F83-5A07C783AA4F}.Debug|x64.Build.0 = Debug|Any CPU
		{BC77A7AC-B816-4A2F-8F83-5A07C783AA4F}.Debug|x86.ActiveCfg = Debug|Any CPU
		{BC77A7AC-B816-4A2F-8F83-5A07C783AA4F}.Debug|x86.Build.0 = Debug|Any CPU
		{BC77A7AC-B816-4A2F-8F83-5A07C783AA4F}.Release|Any CPU.ActiveCfg = Release|Any CPU
		{BC77A7AC-B816-4A2F-8F83-5A07C783AA4F}.Release|Any CPU.Build.0 = Release|Any CPU
		{BC77A7AC-B816-4A2F-8F83-5A07C783AA4F}.Release|x64.ActiveCfg = Release|Any CPU
		{BC77A7AC-B816-4A2F-8F83-5A07C783AA4F}.Release|x64.Build.0 = Release|Any CPU
		{BC77A7AC-B816-4A2F-8F83-5A07C783AA4F}.Release|x86.ActiveCfg = Release|Any CPU
		{BC77A7AC-B816-4A2F-8F83-5A07C783AA4F}.Release|x86.Build.0 = Release|Any CPU
		{8ACCEB60-8CB8-4D5B-B258-E1AA130D3DE2}.Debug|Any CPU.ActiveCfg = Debug|Any CPU
		{8ACCEB60-8CB8-4D5B-B258-E1AA130D3DE2}.Debug|Any CPU.Build.0 = Debug|Any CPU
		{8ACCEB60-8CB8-4D5B-B258-E1AA130D3DE2}.Debug|x64.ActiveCfg = Debug|Any CPU
		{8ACCEB60-8CB8-4D5B-B258-E1AA130D3DE2}.Debug|x64.Build.0 = Debug|Any CPU
		{8ACCEB60-8CB8-4D5B-B258-E1AA130D3DE2}.Debug|x86.ActiveCfg = Debug|Any CPU
		{8ACCEB60-8CB8-4D5B-B258-E1AA130D3DE2}.Debug|x86.Build.0 = Debug|Any CPU
		{8ACCEB60-8CB8-4D5B-B258-E1AA130D3DE2}.Release|Any CPU.ActiveCfg = Release|Any CPU
		{8ACCEB60-8CB8-4D5B-B258-E1AA130D3DE2}.Release|Any CPU.Build.0 = Release|Any CPU
		{8ACCEB60-8CB8-4D5B-B258-E1AA130D3DE2}.Release|x64.ActiveCfg = Release|Any CPU
		{8ACCEB60-8CB8-4D5B-B258-E1AA130D3DE2}.Release|x64.Build.0 = Release|Any CPU
		{8ACCEB60-8CB8-4D5B-B258-E1AA130D3DE2}.Release|x86.ActiveCfg = Release|Any CPU
		{8ACCEB60-8CB8-4D5B-B258-E1AA130D3DE2}.Release|x86.Build.0 = Release|Any CPU
		{37F128AC-182B-4B05-BE93-8A7CBB8CEBBF}.Debug|Any CPU.ActiveCfg = Debug|Any CPU
		{37F128AC-182B-4B05-BE93-8A7CBB8CEBBF}.Debug|Any CPU.Build.0 = Debug|Any CPU
		{37F128AC-182B-4B05-BE93-8A7CBB8CEBBF}.Debug|x64.ActiveCfg = Debug|Any CPU
		{37F128AC-182B-4B05-BE93-8A7CBB8CEBBF}.Debug|x64.Build.0 = Debug|Any CPU
		{37F128AC-182B-4B05-BE93-8A7CBB8CEBBF}.Debug|x86.ActiveCfg = Debug|Any CPU
		{37F128AC-182B-4B05-BE93-8A7CBB8CEBBF}.Debug|x86.Build.0 = Debug|Any CPU
		{37F128AC-182B-4B05-BE93-8A7CBB8CEBBF}.Release|Any CPU.ActiveCfg = Release|Any CPU
		{37F128AC-182B-4B05-BE93-8A7CBB8CEBBF}.Release|Any CPU.Build.0 = Release|Any CPU
		{37F128AC-182B-4B05-BE93-8A7CBB8CEBBF}.Release|x64.ActiveCfg = Release|Any CPU
		{37F128AC-182B-4B05-BE93-8A7CBB8CEBBF}.Release|x64.Build.0 = Release|Any CPU
		{37F128AC-182B-4B05-BE93-8A7CBB8CEBBF}.Release|x86.ActiveCfg = Release|Any CPU
		{37F128AC-182B-4B05-BE93-8A7CBB8CEBBF}.Release|x86.Build.0 = Release|Any CPU
		{7E71452E-D86F-4661-9878-A297BD9965D9}.Debug|Any CPU.ActiveCfg = Debug|Any CPU
		{7E71452E-D86F-4661-9878-A297BD9965D9}.Debug|Any CPU.Build.0 = Debug|Any CPU
		{7E71452E-D86F-4661-9878-A297BD9965D9}.Debug|x64.ActiveCfg = Debug|Any CPU
		{7E71452E-D86F-4661-9878-A297BD9965D9}.Debug|x64.Build.0 = Debug|Any CPU
		{7E71452E-D86F-4661-9878-A297BD9965D9}.Debug|x86.ActiveCfg = Debug|Any CPU
		{7E71452E-D86F-4661-9878-A297BD9965D9}.Debug|x86.Build.0 = Debug|Any CPU
		{7E71452E-D86F-4661-9878-A297BD9965D9}.Release|Any CPU.ActiveCfg = Release|Any CPU
		{7E71452E-D86F-4661-9878-A297BD9965D9}.Release|Any CPU.Build.0 = Release|Any CPU
		{7E71452E-D86F-4661-9878-A297BD9965D9}.Release|x64.ActiveCfg = Release|Any CPU
		{7E71452E-D86F-4661-9878-A297BD9965D9}.Release|x64.Build.0 = Release|Any CPU
		{7E71452E-D86F-4661-9878-A297BD9965D9}.Release|x86.ActiveCfg = Release|Any CPU
		{7E71452E-D86F-4661-9878-A297BD9965D9}.Release|x86.Build.0 = Release|Any CPU
		{4C8C1B72-79B3-404D-8465-6EA2611E3174}.Debug|Any CPU.ActiveCfg = Debug|Any CPU
		{4C8C1B72-79B3-404D-8465-6EA2611E3174}.Debug|Any CPU.Build.0 = Debug|Any CPU
		{4C8C1B72-79B3-404D-8465-6EA2611E3174}.Debug|x64.ActiveCfg = Debug|Any CPU
		{4C8C1B72-79B3-404D-8465-6EA2611E3174}.Debug|x64.Build.0 = Debug|Any CPU
		{4C8C1B72-79B3-404D-8465-6EA2611E3174}.Debug|x86.ActiveCfg = Debug|Any CPU
		{4C8C1B72-79B3-404D-8465-6EA2611E3174}.Debug|x86.Build.0 = Debug|Any CPU
		{4C8C1B72-79B3-404D-8465-6EA2611E3174}.Release|Any CPU.ActiveCfg = Release|Any CPU
		{4C8C1B72-79B3-404D-8465-6EA2611E3174}.Release|Any CPU.Build.0 = Release|Any CPU
		{4C8C1B72-79B3-404D-8465-6EA2611E3174}.Release|x64.ActiveCfg = Release|Any CPU
		{4C8C1B72-79B3-404D-8465-6EA2611E3174}.Release|x64.Build.0 = Release|Any CPU
		{4C8C1B72-79B3-404D-8465-6EA2611E3174}.Release|x86.ActiveCfg = Release|Any CPU
		{4C8C1B72-79B3-404D-8465-6EA2611E3174}.Release|x86.Build.0 = Release|Any CPU
	EndGlobalSection
	GlobalSection(NestedProjects) = preSolution
		{6F789B3B-1991-467C-AC1C-90E21AD2A39D} = {27F7D4DF-DAEA-4A73-96FE-E256FBD22A4B}
		{02414D73-4F46-4998-959A-716B77C81499} = {27F7D4DF-DAEA-4A73-96FE-E256FBD22A4B}
		{8A76AD52-63F6-4F35-9ACD-CFF30B606D2E} = {27F7D4DF-DAEA-4A73-96FE-E256FBD22A4B}
		{B902058B-0F91-404C-AE25-0C774D9123A2} = {27F7D4DF-DAEA-4A73-96FE-E256FBD22A4B}
		{BC77A7AC-B816-4A2F-8F83-5A07C783AA4F} = {27F7D4DF-DAEA-4A73-96FE-E256FBD22A4B}
		{8ACCEB60-8CB8-4D5B-B258-E1AA130D3DE2} = {27F7D4DF-DAEA-4A73-96FE-E256FBD22A4B}
		{37F128AC-182B-4B05-BE93-8A7CBB8CEBBF} = {27F7D4DF-DAEA-4A73-96FE-E256FBD22A4B}
		{7E71452E-D86F-4661-9878-A297BD9965D9} = {27F7D4DF-DAEA-4A73-96FE-E256FBD22A4B}
		{4C8C1B72-79B3-404D-8465-6EA2611E3174} = {27F7D4DF-DAEA-4A73-96FE-E256FBD22A4B}
	EndGlobalSection
EndGlobal
